
Microsoft Visual Studio Solution File, Format Version 12.00
# Visual Studio Version 16
VisualStudioVersion = 16.0.31129.286
MinimumVisualStudioVersion = 10.0.40219.1
Project("{FAE04EC0-301F-11D3-BF4B-00C04F79EFBC}") = "PS7", "PS7\PS7.csproj", "{A190678A-C52C-469B-817F-C578747E1D8D}"
EndProject
Global
	GlobalSection(SolutionConfigurationPlatforms) = preSolution
		Debug|Any CPU = Debug|Any CPU
		Release|Any CPU = Release|Any CPU
	EndGlobalSection
	GlobalSection(ProjectConfigurationPlatforms) = postSolution
		{A190678A-C52C-469B-817F-C578747E1D8D}.Debug|Any CPU.ActiveCfg = Debug|Any CPU
		{A190678A-C52C-469B-817F-C578747E1D8D}.Debug|Any CPU.Build.0 = Debug|Any CPU
		{A190678A-C52C-469B-817F-C578747E1D8D}.Release|Any CPU.ActiveCfg = Release|Any CPU
		{A190678A-C52C-469B-817F-C578747E1D8D}.Release|Any CPU.Build.0 = Release|Any CPU
	EndGlobalSection
	GlobalSection(SolutionProperties) = preSolution
		HideSolutionNode = FALSE
	EndGlobalSection
	GlobalSection(ExtensibilityGlobals) = postSolution
		SolutionGuid = {E93F431F-D284-48C5-AF50-6A0B17F7E2E9}
	EndGlobalSection
EndGlobal
